// !$*UTF8*$!
{
	archiveVersion = 1;
	classes = {
	};
	objectVersion = 77;
	objects = {

/* Begin PBXBuildFile section */
		2BF74B372F5545D700D259FA /* AppDelegate.swift in Sources */ = {isa = PBXBuildFile; fileRef = 2BF74B362F5545D700D259FA /* AppDelegate.swift */; };
		2BF74B3B2F5545D700D259FA /* Main.html in Resources */ = {isa = PBXBuildFile; fileRef = 2BF74B392F5545D700D259FA /* Main.html */; };
		2BF74B3D2F5545D700D259FA /* Icon.png in Resources */ = {isa = PBXBuildFile; fileRef = 2BF74B3C2F5545D700D259FA /* Icon.png */; };
		2BF74B3F2F5545D700D259FA /* Style.css in Resources */ = {isa = PBXBuildFile; fileRef = 2BF74B3E2F5545D700D259FA /* Style.css */; };
		2BF74B412F5545D700D259FA /* Script.js in Resources */ = {isa = PBXBuildFile; fileRef = 2BF74B402F5545D700D259FA /* Script.js */; };
		2BF74B432F5545D700D259FA /* ViewController.swift in Sources */ = {isa = PBXBuildFile; fileRef = 2BF74B422F5545D700D259FA /* ViewController.swift */; };
		2BF74B462F5545D700D259FA /* Main.storyboard in Resources */ = {isa = PBXBuildFile; fileRef = 2BF74B442F5545D700D259FA /* Main.storyboard */; };
		2BF74B482F5545D800D259FA /* Assets.xcassets in Resources */ = {isa = PBXBuildFile; fileRef = 2BF74B472F5545D800D259FA /* Assets.xcassets */; };
		2BF74B4F2F5545D900D259FA /* IlliadCopyCat Extension.appex in Embed Foundation Extensions */ = {isa = PBXBuildFile; fileRef = 2BF74B4E2F5545D900D259FA /* IlliadCopyCat Extension.appex */; settings = {ATTRIBUTES = (RemoveHeadersOnCopy, ); }; };
		2BF74B542F5545D900D259FA /* SafariWebExtensionHandler.swift in Sources */ = {isa = PBXBuildFile; fileRef = 2BF74B532F5545D900D259FA /* SafariWebExtensionHandler.swift */; };
		2BF74B652F5545D900D259FA /* background in Resources */ = {isa = PBXBuildFile; fileRef = 2BF74B602F5545D900D259FA /* background */; };
		2BF74B662F5545D900D259FA /* options in Resources */ = {isa = PBXBuildFile; fileRef = 2BF74B612F5545D900D259FA /* options */; };
		2BF74B672F5545D900D259FA /* content in Resources */ = {isa = PBXBuildFile; fileRef = 2BF74B622F5545D900D259FA /* content */; };
		2BF74B682F5545D900D259FA /* icons in Resources */ = {isa = PBXBuildFile; fileRef = 2BF74B632F5545D900D259FA /* icons */; };
		2BF74B692F5545D900D259FA /* manifest.json in Resources */ = {isa = PBXBuildFile; fileRef = 2BF74B642F5545D900D259FA /* manifest.json */; };
/* End PBXBuildFile section */

/* Begin PBXContainerItemProxy section */
		2BF74B502F5545D900D259FA /* PBXContainerItemProxy */ = {
			isa = PBXContainerItemProxy;
			containerPortal = 2BF74B2B2F5545D700D259FA /* Project object */;
			proxyType = 1;
			remoteGlobalIDString = 2BF74B4D2F5545D900D259FA;
			remoteInfo = "IlliadCopyCat Extension";
		};
/* End PBXContainerItemProxy section */

/* Begin PBXCopyFilesBuildPhase section */
		2BF74B5B2F5545D900D259FA /* Embed Foundation Extensions */ = {
			isa = PBXCopyFilesBuildPhase;
			buildActionMask = 2147483647;
			dstPath = "";
			dstSubfolderSpec = 13;
			files = (
				2BF74B4F2F5545D900D259FA /* IlliadCopyCat Extension.appex in Embed Foundation Extensions */,
			);
			name = "Embed Foundation Extensions";
			runOnlyForDeploymentPostprocessing = 0;
		};
/* End PBXCopyFilesBuildPhase section */

/* Begin PBXFileReference section */
		2BF74B332F5545D700D259FA /* IlliadCopyCat.app */ = {isa = PBXFileReference; explicitFileType = wrapper.application; includeInIndex = 0; path = IlliadCopyCat.app; sourceTree = BUILT_PRODUCTS_DIR; };
		2BF74B362F5545D700D259FA /* AppDelegate.swift */ = {isa = PBXFileReference; lastKnownFileType = sourcecode.swift; path = AppDelegate.swift; sourceTree = "<group>"; };
		2BF74B3A2F5545D700D259FA /* Base */ = {isa = PBXFileReference; lastKnownFileType = text.html; name = Base; path = Base.lproj/Main.html; sourceTree = "<group>"; };
		2BF74B3C2F5545D700D259FA /* Icon.png */ = {isa = PBXFileReference; lastKnownFileType = image.png; path = Icon.png; sourceTree = "<group>"; };
		2BF74B3E2F5545D700D259FA /* Style.css */ = {isa = PBXFileReference; lastKnownFileType = text.css; path = Style.css; sourceTree = "<group>"; };
		2BF74B402F5545D700D259FA /* Script.js */ = {isa = PBXFileReference; lastKnownFileType = sourcecode.javascript; path = Script.js; sourceTree = "<group>"; };
		2BF74B422F5545D700D259FA /* ViewController.swift */ = {isa = PBXFileReference; lastKnownFileType = sourcecode.swift; path = ViewController.swift; sourceTree = "<group>"; };
		2BF74B452F5545D700D259FA /* Base */ = {isa = PBXFileReference; lastKnownFileType = file.storyboard; name = Base; path = Base.lproj/Main.storyboard; sourceTree = "<group>"; };
		2BF74B472F5545D800D259FA /* Assets.xcassets */ = {isa = PBXFileReference; lastKnownFileType = folder.assetcatalog; path = Assets.xcassets; sourceTree = "<group>"; };
		2BF74B492F5545D800D259FA /* Info.plist */ = {isa = PBXFileReference; lastKnownFileType = text.plist.xml; path = Info.plist; sourceTree = "<group>"; };
		2BF74B4E2F5545D900D259FA /* IlliadCopyCat Extension.appex */ = {isa = PBXFileReference; explicitFileType = "wrapper.app-extension"; includeInIndex = 0; path = "IlliadCopyCat Extension.appex"; sourceTree = BUILT_PRODUCTS_DIR; };
		2BF74B532F5545D900D259FA /* SafariWebExtensionHandler.swift */ = {isa = PBXFileReference; lastKnownFileType = sourcecode.swift; path = SafariWebExtensionHandler.swift; sourceTree = "<group>"; };
		2BF74B552F5545D900D259FA /* Info.plist */ = {isa = PBXFileReference; lastKnownFileType = text.plist.xml; path = Info.plist; sourceTree = "<group>"; };
		2BF74B602F5545D900D259FA /* background */ = {isa = PBXFileReference; lastKnownFileType = folder; name = background; path = ../../dist/background; sourceTree = "<group>"; };
		2BF74B612F5545D900D259FA /* options */ = {isa = PBXFileReference; lastKnownFileType = folder; name = options; path = ../../dist/options; sourceTree = "<group>"; };
		2BF74B622F5545D900D259FA /* content */ = {isa = PBXFileReference; lastKnownFileType = folder; name = content; path = ../../dist/content; sourceTree = "<group>"; };
		2BF74B632F5545D900D259FA /* icons */ = {isa = PBXFileReference; lastKnownFileType = folder; name = icons; path = ../../dist/icons; sourceTree = "<group>"; };
		2BF74B642F5545D900D259FA /* manifest.json */ = {isa = PBXFileReference; lastKnownFileType = text.json; name = manifest.json; path = ../../dist/manifest.json; sourceTree = "<group>"; };
/* End PBXFileReference section */

/* Begin PBXFrameworksBuildPhase section */
		2BF74B302F5545D700D259FA /* Frameworks */ = {
			isa = PBXFrameworksBuildPhase;
			buildActionMask = 2147483647;
			files = (
			);
			runOnlyForDeploymentPostprocessing = 0;
		};
		2BF74B4B2F5545D900D259FA /* Frameworks */ = {
			isa = PBXFrameworksBuildPhase;
			buildActionMask = 2147483647;
			files = (
			);
			runOnlyForDeploymentPostprocessing = 0;
		};
/* End PBXFrameworksBuildPhase section */

/* Begin PBXGroup section */
		2BF74B2A2F5545D700D259FA = {
			isa = PBXGroup;
			children = (
				2BF74B352F5545D700D259FA /* IlliadCopyCat */,
				2BF74B522F5545D900D259FA /* IlliadCopyCat Extension */,
				2BF74B342F5545D700D259FA /* Products */,
			);
			sourceTree = "<group>";
		};
		2BF74B342F5545D700D259FA /* Products */ = {
			isa = PBXGroup;
			children = (
				2BF74B332F5545D700D259FA /* IlliadCopyCat.app */,
				2BF74B4E2F5545D900D259FA /* IlliadCopyCat Extension.appex */,
			);
			name = Products;
			sourceTree = "<group>";
		};
		2BF74B352F5545D700D259FA /* IlliadCopyCat */ = {
			isa = PBXGroup;
			children = (
				2BF74B362F5545D700D259FA /* AppDelegate.swift */,
				2BF74B422F5545D700D259FA /* ViewController.swift */,
				2BF74B442F5545D700D259FA /* Main.storyboard */,
				2BF74B472F5545D800D259FA /* Assets.xcassets */,
				2BF74B492F5545D800D259FA /* Info.plist */,
				2BF74B382F5545D700D259FA /* Resources */,
			);
			path = IlliadCopyCat;
			sourceTree = "<group>";
		};
		2BF74B382F5545D700D259FA /* Resources */ = {
			isa = PBXGroup;
			children = (
				2BF74B392F5545D700D259FA /* Main.html */,
				2BF74B3C2F5545D700D259FA /* Icon.png */,
				2BF74B3E2F5545D700D259FA /* Style.css */,
				2BF74B402F5545D700D259FA /* Script.js */,
			);
			path = Resources;
			sourceTree = "<group>";
		};
		2BF74B522F5545D900D259FA /* IlliadCopyCat Extension */ = {
			isa = PBXGroup;
			children = (
				2BF74B5F2F5545D900D259FA /* Resources */,
				2BF74B532F5545D900D259FA /* SafariWebExtensionHandler.swift */,
				2BF74B552F5545D900D259FA /* Info.plist */,
			);
			path = "IlliadCopyCat Extension";
			sourceTree = "<group>";
		};
		2BF74B5F2F5545D900D259FA /* Resources */ = {
			isa = PBXGroup;
			children = (
				2BF74B602F5545D900D259FA /* background */,
				2BF74B612F5545D900D259FA /* options */,
				2BF74B622F5545D900D259FA /* content */,
				2BF74B632F5545D900D259FA /* icons */,
				2BF74B642F5545D900D259FA /* manifest.json */,
			);
			name = Resources;
			path = "IlliadCopyCat Extension";
			sourceTree = SOURCE_ROOT;
		};
/* End PBXGroup section */

/* Begin PBXNativeTarget section */
		2BF74B322F5545D700D259FA /* IlliadCopyCat */ = {
			isa = PBXNativeTarget;
			buildConfigurationList = 2BF74B5C2F5545D900D259FA /* Build configuration list for PBXNativeTarget "IlliadCopyCat" */;
			buildPhases = (
				2BF74B2F2F5545D700D259FA /* Sources */,
				2BF74B302F5545D700D259FA /* Frameworks */,
				2BF74B312F5545D700D259FA /* Resources */,
				2BF74B5B2F5545D900D259FA /* Embed Foundation Extensions */,
			);
			buildRules = (
			);
			dependencies = (
				2BF74B512F5545D900D259FA /* PBXTargetDependency */,
			);
			name = IlliadCopyCat;
			packageProductDependencies = (
			);
			productName = IlliadCopyCat;
			productReference = 2BF74B332F5545D700D259FA /* IlliadCopyCat.app */;
			productType = "com.apple.product-type.application";
		};
		2BF74B4D2F5545D900D259FA /* IlliadCopyCat Extension */ = {
			isa = PBXNativeTarget;
			buildConfigurationList = 2BF74B582F5545D900D259FA /* Build configuration list for PBXNativeTarget "IlliadCopyCat Extension" */;
			buildPhases = (
				2BF74B4A2F5545D900D259FA /* Sources */,
				2BF74B4B2F5545D900D259FA /* Frameworks */,
				2BF74B4C2F5545D900D259FA /* Resources */,
			);
			buildRules = (
			);
			dependencies = (
			);
			name = "IlliadCopyCat Extension";
			packageProductDependencies = (
			);
			productName = "IlliadCopyCat Extension";
			productReference = 2BF74B4E2F5545D900D259FA /* IlliadCopyCat Extension.appex */;
			productType = "com.apple.product-type.app-extension";
		};
/* End PBXNativeTarget section */

/* Begin PBXProject section */
		2BF74B2B2F5545D700D259FA /* Project object */ = {
			isa = PBXProject;
			attributes = {
				BuildIndependentTargetsInParallel = 1;
				LastSwiftUpdateCheck = 2620;
				LastUpgradeCheck = 2620;
				TargetAttributes = {
					2BF74B322F5545D700D259FA = {
						CreatedOnToolsVersion = 26.2;
					};
					2BF74B4D2F5545D900D259FA = {
						CreatedOnToolsVersion = 26.2;
					};
				};
			};
			buildConfigurationList = 2BF74B2E2F5545D700D259FA /* Build configuration list for PBXProject "IlliadCopyCat" */;
			developmentRegion = en;
			hasScannedForEncodings = 0;
			knownRegions = (
				en,
				Base,
			);
			mainGroup = 2BF74B2A2F5545D700D259FA;
			minimizedProjectReferenceProxies = 1;
			preferredProjectObjectVersion = 77;
			productRefGroup = 2BF74B342F5545D700D259FA /* Products */;
			projectDirPath = "";
			projectRoot = "";
			targets = (
				2BF74B322F5545D700D259FA /* IlliadCopyCat */,
				2BF74B4D2F5545D900D259FA /* IlliadCopyCat Extension */,
			);
		};
/* End PBXProject section */

/* Begin PBXResourcesBuildPhase section */
		2BF74B312F5545D700D259FA /* Resources */ = {
			isa = PBXResourcesBuildPhase;
			buildActionMask = 2147483647;
			files = (
				2BF74B3D2F5545D700D259FA /* Icon.png in Resources */,
				2BF74B462F5545D700D259FA /* Main.storyboard in Resources */,
				2BF74B412F5545D700D259FA /* Script.js in Resources */,
				2BF74B3B2F5545D700D259FA /* Main.html in Resources */,
				2BF74B482F5545D800D259FA /* Assets.xcassets in Resources */,
				2BF74B3F2F5545D700D259FA /* Style.css in Resources */,
			);
			runOnlyForDeploymentPostprocessing = 0;
		};
		2BF74B4C2F5545D900D259FA /* Resources */ = {
			isa = PBXResourcesBuildPhase;
			buildActionMask = 2147483647;
			files = (
				2BF74B672F5545D900D259FA /* content in Resources */,
				2BF74B682F5545D900D259FA /* icons in Resources */,
				2BF74B692F5545D900D259FA /* manifest.json in Resources */,
				2BF74B652F5545D900D259FA /* background in Resources */,
				2BF74B662F5545D900D259FA /* options in Resources */,
			);
			runOnlyForDeploymentPostprocessing = 0;
		};
/* End PBXResourcesBuildPhase section */

/* Begin PBXSourcesBuildPhase section */
		2BF74B2F2F5545D700D259FA /* Sources */ = {
			isa = PBXSourcesBuildPhase;
			buildActionMask = 2147483647;
			files = (
				2BF74B432F5545D700D259FA /* ViewController.swift in Sources */,
				2BF74B372F5545D700D259FA /* AppDelegate.swift in Sources */,
			);
			runOnlyForDeploymentPostprocessing = 0;
		};
		2BF74B4A2F5545D900D259FA /* Sources */ = {
			isa = PBXSourcesBuildPhase;
			buildActionMask = 2147483647;
			files = (
				2BF74B542F5545D900D259FA /* SafariWebExtensionHandler.swift in Sources */,
			);
			runOnlyForDeploymentPostprocessing = 0;
		};
/* End PBXSourcesBuildPhase section */

/* Begin PBXTargetDependency section */
		2BF74B512F5545D900D259FA /* PBXTargetDependency */ = {
			isa = PBXTargetDependency;
			target = 2BF74B4D2F5545D900D259FA /* IlliadCopyCat Extension */;
			targetProxy = 2BF74B502F5545D900D259FA /* PBXContainerItemProxy */;
		};
/* End PBXTargetDependency section */

/* Begin PBXVariantGroup section */
		2BF74B392F5545D700D259FA /* Main.html */ = {
			isa = PBXVariantGroup;
			children = (
				2BF74B3A2F5545D700D259FA /* Base */,
			);
			name = Main.html;
			sourceTree = "<group>";
		};
		2BF74B442F5545D700D259FA /* Main.storyboard */ = {
			isa = PBXVariantGroup;
			children = (
				2BF74B452F5545D700D259FA /* Base */,
			);
			name = Main.storyboard;
			sourceTree = "<group>";
		};
/* End PBXVariantGroup section */

/* Begin XCBuildConfiguration section */
		2BF74B562F5545D900D259FA /* Debug */ = {
			isa = XCBuildConfiguration;
			buildSettings = {
				ALWAYS_SEARCH_USER_PATHS = NO;
				ASSETCATALOG_COMPILER_GENERATE_SWIFT_ASSET_SYMBOL_EXTENSIONS = YES;
				CLANG_ANALYZER_NONNULL = YES;
				CLANG_ANALYZER_NUMBER_OBJECT_CONVERSION = YES_AGGRESSIVE;
				CLANG_CXX_LANGUAGE_STANDARD = "gnu++20";
				CLANG_ENABLE_MODULES = YES;
				CLANG_ENABLE_OBJC_ARC = YES;
				CLANG_ENABLE_OBJC_WEAK = YES;
				CLANG_WARN_BLOCK_CAPTURE_AUTORELEASING = YES;
				CLANG_WARN_BOOL_CONVERSION = YES;
				CLANG_WARN_COMMA = YES;
				CLANG_WARN_CONSTANT_CONVERSION = YES;
				CLANG_WARN_DEPRECATED_OBJC_IMPLEMENTATIONS = YES;
				CLANG_WARN_DIRECT_OBJC_ISA_USAGE = YES_ERROR;
				CLANG_WARN_DOCUMENTATION_COMMENTS = YES;
				CLANG_WARN_EMPTY_BODY = YES;
				CLANG_WARN_ENUM_CONVERSION = YES;
				CLANG_WARN_INFINITE_RECURSION = YES;
				CLANG_WARN_INT_CONVERSION = YES;
				CLANG_WARN_NON_LITERAL_NULL_CONVERSION = YES;
				CLANG_WARN_OBJC_IMPLICIT_RETAIN_SELF = YES;
				CLANG_WARN_OBJC_LITERAL_CONVERSION = YES;
				CLANG_WARN_OBJC_ROOT_CLASS = YES_ERROR;
				CLANG_WARN_QUOTED_INCLUDE_IN_FRAMEWORK_HEADER = YES;
				CLANG_WARN_RANGE_LOOP_ANALYSIS = YES;
				CLANG_WARN_STRICT_PROTOTYPES = YES;
				CLANG_WARN_SUSPICIOUS_MOVE = YES;
				CLANG_WARN_UNGUARDED_AVAILABILITY = YES_AGGRESSIVE;
				CLANG_WARN_UNREACHABLE_CODE = YES;
				CLANG_WARN__DUPLICATE_METHOD_MATCH = YES;
				COPY_PHASE_STRIP = NO;
				DEBUG_INFORMATION_FORMAT = dwarf;
				ENABLE_STRICT_OBJC_MSGSEND = YES;
				ENABLE_TESTABILITY = YES;
				ENABLE_USER_SCRIPT_SANDBOXING = YES;
				GCC_C_LANGUAGE_STANDARD = gnu17;
				GCC_DYNAMIC_NO_PIC = NO;
				GCC_NO_COMMON_BLOCKS = YES;
				GCC_OPTIMIZATION_LEVEL = 0;
				GCC_PREPROCESSOR_DEFINITIONS = (
					"DEBUG=1",
					"$(inherited)",
				);
				GCC_WARN_64_TO_32_BIT_CONVERSION = YES;
				GCC_WARN_ABOUT_RETURN_TYPE = YES_ERROR;
				GCC_WARN_UNDECLARED_SELECTOR = YES;
				GCC_WARN_UNINITIALIZED_AUTOS = YES_AGGRESSIVE;
				GCC_WARN_UNUSED_FUNCTION = YES;
				GCC_WARN_UNUSED_VARIABLE = YES;
				LOCALIZATION_PREFERS_STRING_CATALOGS = YES;
				MACOSX_DEPLOYMENT_TARGET = 26.2;
				MTL_ENABLE_DEBUG_INFO = INCLUDE_SOURCE;
				MTL_FAST_MATH = YES;
				ONLY_ACTIVE_ARCH = YES;
				SDKROOT = macosx;
				SWIFT_ACTIVE_COMPILATION_CONDITIONS = "DEBUG $(inherited)";
				SWIFT_OPTIMIZATION_LEVEL = "-Onone";
			};
			name = Debug;
		};
		2BF74B572F5545D900D259FA /* Release */ = {
			isa = XCBuildConfiguration;
			buildSettings = {
				ALWAYS_SEARCH_USER_PATHS = NO;
				ASSETCATALOG_COMPILER_GENERATE_SWIFT_ASSET_SYMBOL_EXTENSIONS = YES;
				CLANG_ANALYZER_NONNULL = YES;
				CLANG_ANALYZER_NUMBER_OBJECT_CONVERSION = YES_AGGRESSIVE;
				CLANG_CXX_LANGUAGE_STANDARD = "gnu++20";
				CLANG_ENABLE_MODULES = YES;
				CLANG_ENABLE_OBJC_ARC = YES;
				CLANG_ENABLE_OBJC_WEAK = YES;
				CLANG_WARN_BLOCK_CAPTURE_AUTORELEASING = YES;
				CLANG_WARN_BOOL_CONVERSION = YES;
				CLANG_WARN_COMMA = YES;
				CLANG_WARN_CONSTANT_CONVERSION = YES;
				CLANG_WARN_DEPRECATED_OBJC_IMPLEMENTATIONS = YES;
				CLANG_WARN_DIRECT_OBJC_ISA_USAGE = YES_ERROR;
				CLANG_WARN_DOCUMENTATION_COMMENTS = YES;
				CLANG_WARN_EMPTY_BODY = YES;
				CLANG_WARN_ENUM_CONVERSION = YES;
				CLANG_WARN_INFINITE_RECURSION = YES;
				CLANG_WARN_INT_CONVERSION = YES;
				CLANG_WARN_NON_LITERAL_NULL_CONVERSION = YES;
				CLANG_WARN_OBJC_IMPLICIT_RETAIN_SELF = YES;
				CLANG_WARN_OBJC_LITERAL_CONVERSION = YES;
				CLANG_WARN_OBJC_ROOT_CLASS = YES_ERROR;
				CLANG_WARN_QUOTED_INCLUDE_IN_FRAMEWORK_HEADER = YES;
				CLANG_WARN_RANGE_LOOP_ANALYSIS = YES;
				CLANG_WARN_STRICT_PROTOTYPES = YES;
				CLANG_WARN_SUSPICIOUS_MOVE = YES;
				CLANG_WARN_UNGUARDED_AVAILABILITY = YES_AGGRESSIVE;
				CLANG_WARN_UNREACHABLE_CODE = YES;
				CLANG_WARN__DUPLICATE_METHOD_MATCH = YES;
				COPY_PHASE_STRIP = NO;
				DEBUG_INFORMATION_FORMAT = "dwarf-with-dsym";
				ENABLE_NS_ASSERTIONS = NO;
				ENABLE_STRICT_OBJC_MSGSEND = YES;
				ENABLE_USER_SCRIPT_SANDBOXING = YES;
				GCC_C_LANGUAGE_STANDARD = gnu17;
				GCC_NO_COMMON_BLOCKS = YES;
				GCC_WARN_64_TO_32_BIT_CONVERSION = YES;
				GCC_WARN_ABOUT_RETURN_TYPE = YES_ERROR;
				GCC_WARN_UNDECLARED_SELECTOR = YES;
				GCC_WARN_UNINITIALIZED_AUTOS = YES_AGGRESSIVE;
				GCC_WARN_UNUSED_FUNCTION = YES;
				GCC_WARN_UNUSED_VARIABLE = YES;
				LOCALIZATION_PREFERS_STRING_CATALOGS = YES;
				MACOSX_DEPLOYMENT_TARGET = 26.2;
				MTL_ENABLE_DEBUG_INFO = NO;
				MTL_FAST_MATH = YES;
				SDKROOT = macosx;
				SWIFT_COMPILATION_MODE = wholemodule;
			};
			name = Release;
		};
		2BF74B592F5545D900D259FA /* Debug */ = {
			isa = XCBuildConfiguration;
			buildSettings = {
				CODE_SIGN_STYLE = Automatic;
				CURRENT_PROJECT_VERSION = 1;
				ENABLE_APP_SANDBOX = YES;
				ENABLE_HARDENED_RUNTIME = YES;
				ENABLE_USER_SELECTED_FILES = readonly;
				GENERATE_INFOPLIST_FILE = YES;
				INFOPLIST_FILE = "IlliadCopyCat Extension/Info.plist";
				INFOPLIST_KEY_CFBundleDisplayName = "IlliadCopyCat Extension";
				INFOPLIST_KEY_NSHumanReadableCopyright = "";
				LD_RUNPATH_SEARCH_PATHS = (
					"$(inherited)",
					"@executable_path/../Frameworks",
					"@executable_path/../../../../Frameworks",
				);
				MACOSX_DEPLOYMENT_TARGET = 10.14;
				MARKETING_VERSION = 1.0;
				OTHER_LDFLAGS = (
					"-framework",
					SafariServices,
				);
				PRODUCT_BUNDLE_IDENTIFIER = com.paultravis.IlliadCopyCat.Extension;
				PRODUCT_NAME = "$(TARGET_NAME)";
				SKIP_INSTALL = YES;
				STRING_CATALOG_GENERATE_SYMBOLS = YES;
				SWIFT_APPROACHABLE_CONCURRENCY = YES;
				SWIFT_EMIT_LOC_STRINGS = YES;
				SWIFT_UPCOMING_FEATURE_MEMBER_IMPORT_VISIBILITY = YES;
				SWIFT_VERSION = 5.0;
			};
			name = Debug;
		};
		2BF74B5A2F5545D900D259FA /* Release */ = {
			isa = XCBuildConfiguration;
			buildSettings = {
				CODE_SIGN_STYLE = Automatic;
				CURRENT_PROJECT_VERSION = 1;
				ENABLE_APP_SANDBOX = YES;
				ENABLE_HARDENED_RUNTIME = YES;
				ENABLE_USER_SELECTED_FILES = readonly;
				GENERATE_INFOPLIST_FILE = YES;
				INFOPLIST_FILE = "IlliadCopyCat Extension/Info.plist";
				INFOPLIST_KEY_CFBundleDisplayName = "IlliadCopyCat Extension";
				INFOPLIST_KEY_NSHumanReadableCopyright = "";
				LD_RUNPATH_SEARCH_PATHS = (
					"$(inherited)",
					"@executable_path/../Frameworks",
					"@executable_path/../../../../Frameworks",
				);
				MACOSX_DEPLOYMENT_TARGET = 10.14;
				MARKETING_VERSION = 1.0;
				OTHER_LDFLAGS = (
					"-framework",
					SafariServices,
				);
				PRODUCT_BUNDLE_IDENTIFIER = com.paultravis.IlliadCopyCat.Extension;
				PRODUCT_NAME = "$(TARGET_NAME)";
				SKIP_INSTALL = YES;
				STRING_CATALOG_GENERATE_SYMBOLS = YES;
				SWIFT_APPROACHABLE_CONCURRENCY = YES;
				SWIFT_EMIT_LOC_STRINGS = YES;
				SWIFT_UPCOMING_FEATURE_MEMBER_IMPORT_VISIBILITY = YES;
				SWIFT_VERSION = 5.0;
			};
			name = Release;
		};
		2BF74B5D2F5545D900D259FA /* Debug */ = {
			isa = XCBuildConfiguration;
			buildSettings = {
				ASSETCATALOG_COMPILER_APPICON_NAME = AppIcon;
				ASSETCATALOG_COMPILER_GLOBAL_ACCENT_COLOR_NAME = AccentColor;
				CODE_SIGN_STYLE = Automatic;
				COMBINE_HIDPI_IMAGES = YES;
				CURRENT_PROJECT_VERSION = 1;
				ENABLE_APP_SANDBOX = YES;
				ENABLE_HARDENED_RUNTIME = YES;
				ENABLE_OUTGOING_NETWORK_CONNECTIONS = YES;
				ENABLE_USER_SELECTED_FILES = readonly;
				GENERATE_INFOPLIST_FILE = YES;
				INFOPLIST_FILE = IlliadCopyCat/Info.plist;
				INFOPLIST_KEY_CFBundleDisplayName = IlliadCopyCat;
				INFOPLIST_KEY_NSHumanReadableCopyright = "";
				INFOPLIST_KEY_NSMainStoryboardFile = Main;
				INFOPLIST_KEY_NSPrincipalClass = NSApplication;
				LD_RUNPATH_SEARCH_PATHS = (
					"$(inherited)",
					"@executable_path/../Frameworks",
				);
				MARKETING_VERSION = 1.0;
				OTHER_LDFLAGS = (
					"-framework",
					SafariServices,
					"-framework",
					WebKit,
				);
				PRODUCT_BUNDLE_IDENTIFIER = com.paultravis.IlliadCopyCat;
				PRODUCT_NAME = "$(TARGET_NAME)";
				REGISTER_APP_GROUPS = YES;
				STRING_CATALOG_GENERATE_SYMBOLS = YES;
				SWIFT_APPROACHABLE_CONCURRENCY = YES;
				SWIFT_DEFAULT_ACTOR_ISOLATION = MainActor;
				SWIFT_EMIT_LOC_STRINGS = YES;
				SWIFT_UPCOMING_FEATURE_MEMBER_IMPORT_VISIBILITY = YES;
				SWIFT_VERSION = 5.0;
			};
			name = Debug;
		};
		2BF74B5E2F5545D900D259FA /* Release */ = {
			isa = XCBuildConfiguration;
			buildSettings = {
				ASSETCATALOG_COMPILER_APPICON_NAME = AppIcon;
				ASSETCATALOG_COMPILER_GLOBAL_ACCENT_COLOR_NAME = AccentColor;
				CODE_SIGN_STYLE = Automatic;
				COMBINE_HIDPI_IMAGES = YES;
				CURRENT_PROJECT_VERSION = 1;
				ENABLE_APP_SANDBOX = YES;
				ENABLE_HARDENED_RUNTIME = YES;
				ENABLE_OUTGOING_NETWORK_CONNECTIONS = YES;
				ENABLE_USER_SELECTED_FILES = readonly;
				GENERATE_INFOPLIST_FILE = YES;
				INFOPLIST_FILE = IlliadCopyCat/Info.plist;
				INFOPLIST_KEY_CFBundleDisplayName = IlliadCopyCat;
				INFOPLIST_KEY_NSHumanReadableCopyright = "";
				INFOPLIST_KEY_NSMainStoryboardFile = Main;
				INFOPLIST_KEY_NSPrincipalClass = NSApplication;
				LD_RUNPATH_SEARCH_PATHS = (
					"$(inherited)",
					"@executable_path/../Frameworks",
				);
				MARKETING_VERSION = 1.0;
				OTHER_LDFLAGS = (
					"-framework",
					SafariServices,
					"-framework",
					WebKit,
				);
				PRODUCT_BUNDLE_IDENTIFIER = com.paultravis.IlliadCopyCat;
				PRODUCT_NAME = "$(TARGET_NAME)";
				REGISTER_APP_GROUPS = YES;
				STRING_CATALOG_GENERATE_SYMBOLS = YES;
				SWIFT_APPROACHABLE_CONCURRENCY = YES;
				SWIFT_DEFAULT_ACTOR_ISOLATION = MainActor;
				SWIFT_EMIT_LOC_STRINGS = YES;
				SWIFT_UPCOMING_FEATURE_MEMBER_IMPORT_VISIBILITY = YES;
				SWIFT_VERSION = 5.0;
			};
			name = Release;
		};
/* End XCBuildConfiguration section */

/* Begin XCConfigurationList section */
		2BF74B2E2F5545D700D259FA /* Build configuration list for PBXProject "IlliadCopyCat" */ = {
			isa = XCConfigurationList;
			buildConfigurations = (
				2BF74B562F5545D900D259FA /* Debug */,
				2BF74B572F5545D900D259FA /* Release */,
			);
			defaultConfigurationIsVisible = 0;
			defaultConfigurationName = Release;
		};
		2BF74B582F5545D900D259FA /* Build configuration list for PBXNativeTarget "IlliadCopyCat Extension" */ = {
			isa = XCConfigurationList;
			buildConfigurations = (
				2BF74B592F5545D900D259FA /* Debug */,
				2BF74B5A2F5545D900D259FA /* Release */,
			);
			defaultConfigurationIsVisible = 0;
			defaultConfigurationName = Release;
		};
		2BF74B5C2F5545D900D259FA /* Build configuration list for PBXNativeTarget "IlliadCopyCat" */ = {
			isa = XCConfigurationList;
			buildConfigurations = (
				2BF74B5D2F5545D900D259FA /* Debug */,
				2BF74B5E2F5545D900D259FA /* Release */,
			);
			defaultConfigurationIsVisible = 0;
			defaultConfigurationName = Release;
		};
/* End XCConfigurationList section */
	};
	rootObject = 2BF74B2B2F5545D700D259FA /* Project object */;
}
